// !$*UTF8*$!
{
	archiveVersion = 1;
	classes = {
	};
	objectVersion = 46;
	objects = {

/* Begin PBXBuildFile section */
		EA66EA5A1DB3AC610067E71A /* DetailViewController.swift in Sources */ = {isa = PBXBuildFile; fileRef = EA66EA591DB3AC610067E71A /* DetailViewController.swift */; };
		EA69B7EC1DB215BB000440E7 /* NVActivityIndicatorView.framework in Frameworks */ = {isa = PBXBuildFile; fileRef = EA69B7EB1DB215BB000440E7 /* NVActivityIndicatorView.framework */; };
		EA6E219A1DB003E900B6B205 /* MovieEntity.swift in Sources */ = {isa = PBXBuildFile; fileRef = EA6E21991DB003E900B6B205 /* MovieEntity.swift */; };
		EA6E219D1DB0053D00B6B205 /* Constants.swift in Sources */ = {isa = PBXBuildFile; fileRef = EA6E219C1DB0053D00B6B205 /* Constants.swift */; };
		EA6E21A11DB00A8100B6B205 /* MovieListViewController.swift in Sources */ = {isa = PBXBuildFile; fileRef = EA6E21A01DB00A8100B6B205 /* MovieListViewController.swift */; };
		EA6E21A31DB00A9300B6B205 /* MovieListInteractor.swift in Sources */ = {isa = PBXBuildFile; fileRef = EA6E21A21DB00A9300B6B205 /* MovieListInteractor.swift */; };
		EA6E21AA1DB033D700B6B205 /* Alamofire.framework in Frameworks */ = {isa = PBXBuildFile; fileRef = EA14203E1DAF4E8100FB5428 /* Alamofire.framework */; };
		EA6E21AB1DB033D700B6B205 /* SwiftyJSON.framework in Frameworks */ = {isa = PBXBuildFile; fileRef = EA14203F1DAF4E8100FB5428 /* SwiftyJSON.framework */; };
		EA6E21AC1DB033D700B6B205 /* WebImage.framework in Frameworks */ = {isa = PBXBuildFile; fileRef = EA6E21A81DB0316300B6B205 /* WebImage.framework */; };
		EA6E21B21DB035F900B6B205 /* DiscoverMoviesWebservice.swift in Sources */ = {isa = PBXBuildFile; fileRef = EA6E21B11DB035F900B6B205 /* DiscoverMoviesWebservice.swift */; };
		EAA74B311DAB45F20064B4B9 /* AppDelegate.swift in Sources */ = {isa = PBXBuildFile; fileRef = EAA74B301DAB45F20064B4B9 /* AppDelegate.swift */; };
		EAA74B361DAB45F20064B4B9 /* Main.storyboard in Resources */ = {isa = PBXBuildFile; fileRef = EAA74B341DAB45F20064B4B9 /* Main.storyboard */; };
		EAA74B381DAB45F20064B4B9 /* Assets.xcassets in Resources */ = {isa = PBXBuildFile; fileRef = EAA74B371DAB45F20064B4B9 /* Assets.xcassets */; };
		EAA74B3B1DAB45F20064B4B9 /* LaunchScreen.storyboard in Resources */ = {isa = PBXBuildFile; fileRef = EAA74B391DAB45F20064B4B9 /* LaunchScreen.storyboard */; };
		EAA74B4C1DAD3F770064B4B9 /* MovieListCell.swift in Sources */ = {isa = PBXBuildFile; fileRef = EAA74B4B1DAD3F770064B4B9 /* MovieListCell.swift */; };
		EAE4D57E1DAFF7B600A8D7CF /* BaseWebservice.swift in Sources */ = {isa = PBXBuildFile; fileRef = EAE4D57D1DAFF7B600A8D7CF /* BaseWebservice.swift */; };
		EAE4D5801DAFF89300A8D7CF /* Foundation.framework in Frameworks */ = {isa = PBXBuildFile; fileRef = EAE4D57F1DAFF89300A8D7CF /* Foundation.framework */; };
/* End PBXBuildFile section */

/* Begin PBXFileReference section */
		EA14203E1DAF4E8100FB5428 /* Alamofire.framework */ = {isa = PBXFileReference; lastKnownFileType = wrapper.framework; name = Alamofire.framework; path = Carthage/Build/iOS/Alamofire.framework; sourceTree = "<group>"; };
		EA14203F1DAF4E8100FB5428 /* SwiftyJSON.framework */ = {isa = PBXFileReference; lastKnownFileType = wrapper.framework; name = SwiftyJSON.framework; path = Carthage/Build/iOS/SwiftyJSON.framework; sourceTree = "<group>"; };
		EA66EA591DB3AC610067E71A /* DetailViewController.swift */ = {isa = PBXFileReference; fileEncoding = 4; lastKnownFileType = sourcecode.swift; path = DetailViewController.swift; sourceTree = "<group>"; };
		EA69B7EB1DB215BB000440E7 /* NVActivityIndicatorView.framework */ = {isa = PBXFileReference; lastKnownFileType = wrapper.framework; name = NVActivityIndicatorView.framework; path = Carthage/Build/iOS/NVActivityIndicatorView.framework; sourceTree = "<group>"; };
		EA6E21991DB003E900B6B205 /* MovieEntity.swift */ = {isa = PBXFileReference; fileEncoding = 4; lastKnownFileType = sourcecode.swift; path = MovieEntity.swift; sourceTree = "<group>"; };
		EA6E219C1DB0053D00B6B205 /* Constants.swift */ = {isa = PBXFileReference; fileEncoding = 4; lastKnownFileType = sourcecode.swift; path = Constants.swift; sourceTree = "<group>"; };
		EA6E21A01DB00A8100B6B205 /* MovieListViewController.swift */ = {isa = PBXFileReference; fileEncoding = 4; lastKnownFileType = sourcecode.swift; path = MovieListViewController.swift; sourceTree = "<group>"; };
		EA6E21A21DB00A9300B6B205 /* MovieListInteractor.swift */ = {isa = PBXFileReference; fileEncoding = 4; lastKnownFileType = sourcecode.swift; path = MovieListInteractor.swift; sourceTree = "<group>"; };
		EA6E21A61DB02CE700B6B205 /* AlamofireImage.framework */ = {isa = PBXFileReference; lastKnownFileType = wrapper.framework; name = AlamofireImage.framework; path = Carthage/Build/iOS/AlamofireImage.framework; sourceTree = "<group>"; };
		EA6E21A81DB0316300B6B205 /* WebImage.framework */ = {isa = PBXFileReference; lastKnownFileType = wrapper.framework; name = WebImage.framework; path = Carthage/Build/iOS/WebImage.framework; sourceTree = "<group>"; };
		EA6E21B11DB035F900B6B205 /* DiscoverMoviesWebservice.swift */ = {isa = PBXFileReference; fileEncoding = 4; lastKnownFileType = sourcecode.swift; path = DiscoverMoviesWebservice.swift; sourceTree = "<group>"; };
		EAA74B2D1DAB45F20064B4B9 /* Movies.app */ = {isa = PBXFileReference; explicitFileType = wrapper.application; includeInIndex = 0; path = Movies.app; sourceTree = BUILT_PRODUCTS_DIR; };
		EAA74B301DAB45F20064B4B9 /* AppDelegate.swift */ = {isa = PBXFileReference; lastKnownFileType = sourcecode.swift; path = AppDelegate.swift; sourceTree = "<group>"; };
		EAA74B351DAB45F20064B4B9 /* Base */ = {isa = PBXFileReference; lastKnownFileType = file.storyboard; name = Base; path = Base.lproj/Main.storyboard; sourceTree = "<group>"; };
		EAA74B371DAB45F20064B4B9 /* Assets.xcassets */ = {isa = PBXFileReference; lastKnownFileType = folder.assetcatalog; path = Assets.xcassets; sourceTree = "<group>"; };
		EAA74B3A1DAB45F20064B4B9 /* Base */ = {isa = PBXFileReference; lastKnownFileType = file.storyboard; name = Base; path = Base.lproj/LaunchScreen.storyboard; sourceTree = "<group>"; };
		EAA74B3C1DAB45F20064B4B9 /* Info.plist */ = {isa = PBXFileReference; lastKnownFileType = text.plist.xml; path = Info.plist; sourceTree = "<group>"; };
		EAA74B4B1DAD3F770064B4B9 /* MovieListCell.swift */ = {isa = PBXFileReference; fileEncoding = 4; lastKnownFileType = sourcecode.swift; path = MovieListCell.swift; sourceTree = "<group>"; };
		EAE4D57D1DAFF7B600A8D7CF /* BaseWebservice.swift */ = {isa = PBXFileReference; fileEncoding = 4; lastKnownFileType = sourcecode.swift; path = BaseWebservice.swift; sourceTree = "<group>"; };
		EAE4D57F1DAFF89300A8D7CF /* Foundation.framework */ = {isa = PBXFileReference; lastKnownFileType = wrapper.framework; name = Foundation.framework; path = System/Library/Frameworks/Foundation.framework; sourceTree = SDKROOT; };
/* End PBXFileReference section */

/* Begin PBXFrameworksBuildPhase section */
		EAA74B2A1DAB45F20064B4B9 /* Frameworks */ = {
			isa = PBXFrameworksBuildPhase;
			buildActionMask = 2147483647;
			files = (
				EAE4D5801DAFF89300A8D7CF /* Foundation.framework in Frameworks */,
				EA6E21AA1DB033D700B6B205 /* Alamofire.framework in Frameworks */,
				EA6E21AB1DB033D700B6B205 /* SwiftyJSON.framework in Frameworks */,
				EA6E21AC1DB033D700B6B205 /* WebImage.framework in Frameworks */,
				EA69B7EC1DB215BB000440E7 /* NVActivityIndicatorView.framework in Frameworks */,
			);
			runOnlyForDeploymentPostprocessing = 0;
		};
/* End PBXFrameworksBuildPhase section */

/* Begin PBXGroup section */
		EA14203D1DAF4E8000FB5428 /* Frameworks */ = {
			isa = PBXGroup;
			children = (
				EA69B7EB1DB215BB000440E7 /* NVActivityIndicatorView.framework */,
				EA6E21A81DB0316300B6B205 /* WebImage.framework */,
				EA6E21A61DB02CE700B6B205 /* AlamofireImage.framework */,
				EAE4D57F1DAFF89300A8D7CF /* Foundation.framework */,
				EA14203E1DAF4E8100FB5428 /* Alamofire.framework */,
				EA14203F1DAF4E8100FB5428 /* SwiftyJSON.framework */,
			);
			name = Frameworks;
			sourceTree = "<group>";
		};
		EA66EA581DB3AC420067E71A /* Detail page */ = {
			isa = PBXGroup;
			children = (
				EA66EA591DB3AC610067E71A /* DetailViewController.swift */,
			);
			path = "Detail page";
			sourceTree = "<group>";
		};
		EA6E219B1DB0053200B6B205 /* General */ = {
			isa = PBXGroup;
			children = (
				EA6E219C1DB0053D00B6B205 /* Constants.swift */,
			);
			path = General;
			sourceTree = "<group>";
		};
		EAA74B241DAB45F20064B4B9 = {
			isa = PBXGroup;
			children = (
				EAA74B2F1DAB45F20064B4B9 /* Movies */,
				EAA74B2E1DAB45F20064B4B9 /* Products */,
				EA14203D1DAF4E8000FB5428 /* Frameworks */,
			);
			sourceTree = "<group>";
		};
		EAA74B2E1DAB45F20064B4B9 /* Products */ = {
			isa = PBXGroup;
			children = (
				EAA74B2D1DAB45F20064B4B9 /* Movies.app */,
			);
			name = Products;
			sourceTree = "<group>";
		};
		EAA74B2F1DAB45F20064B4B9 /* Movies */ = {
			isa = PBXGroup;
			children = (
				EAA74B301DAB45F20064B4B9 /* AppDelegate.swift */,
				EAA74B451DAD304A0064B4B9 /* Scenes */,
				EAE4D57C1DAFF6E400A8D7CF /* API handler */,
				EA6E219B1DB0053200B6B205 /* General */,
				EAA74B341DAB45F20064B4B9 /* Main.storyboard */,
				EAA74B371DAB45F20064B4B9 /* Assets.xcassets */,
				EAA74B391DAB45F20064B4B9 /* LaunchScreen.storyboard */,
				EAA74B3C1DAB45F20064B4B9 /* Info.plist */,
			);
			path = Movies;
			sourceTree = "<group>";
		};
		EAA74B451DAD304A0064B4B9 /* Scenes */ = {
			isa = PBXGroup;
			children = (
				EAA74B461DAD304A0064B4B9 /* Home page */,
				EA66EA581DB3AC420067E71A /* Detail page */,
			);
			path = Scenes;
			sourceTree = "<group>";
		};
		EAA74B461DAD304A0064B4B9 /* Home page */ = {
			isa = PBXGroup;
			children = (
				EA6E21A01DB00A8100B6B205 /* MovieListViewController.swift */,
				EA6E21A21DB00A9300B6B205 /* MovieListInteractor.swift */,
				EA6E21991DB003E900B6B205 /* MovieEntity.swift */,
				EAA74B4B1DAD3F770064B4B9 /* MovieListCell.swift */,
			);
			path = "Home page";
			sourceTree = "<group>";
		};
		EAE4D57C1DAFF6E400A8D7CF /* API handler */ = {
			isa = PBXGroup;
			children = (
				EAE4D57D1DAFF7B600A8D7CF /* BaseWebservice.swift */,
				EA6E21B11DB035F900B6B205 /* DiscoverMoviesWebservice.swift */,
			);
			path = "API handler";
			sourceTree = "<group>";
		};
/* End PBXGroup section */

/* Begin PBXNativeTarget section */
		EAA74B2C1DAB45F20064B4B9 /* Movies */ = {
			isa = PBXNativeTarget;
			buildConfigurationList = EAA74B3F1DAB45F20064B4B9 /* Build configuration list for PBXNativeTarget "Movies" */;
			buildPhases = (
				EAA74B291DAB45F20064B4B9 /* Sources */,
				EAA74B2A1DAB45F20064B4B9 /* Frameworks */,
				EAA74B2B1DAB45F20064B4B9 /* Resources */,
				EA1420421DAF4E9500FB5428 /* ShellScript */,
			);
			buildRules = (
			);
			dependencies = (
			);
			name = Movies;
			productName = Movies;
			productReference = EAA74B2D1DAB45F20064B4B9 /* Movies.app */;
			productType = "com.apple.product-type.application";
		};
/* End PBXNativeTarget section */

/* Begin PBXProject section */
		EAA74B251DAB45F20064B4B9 /* Project object */ = {
			isa = PBXProject;
			attributes = {
				LastSwiftUpdateCheck = 0800;
				LastUpgradeCheck = 0800;
				ORGANIZATIONNAME = vinaynair;
				TargetAttributes = {
					EAA74B2C1DAB45F20064B4B9 = {
						CreatedOnToolsVersion = 8.0;
						DevelopmentTeam = XB4NTLAF6H;
						ProvisioningStyle = Automatic;
					};
				};
			};
			buildConfigurationList = EAA74B281DAB45F20064B4B9 /* Build configuration list for PBXProject "Movies" */;
			compatibilityVersion = "Xcode 3.2";
			developmentRegion = English;
			hasScannedForEncodings = 0;
			knownRegions = (
				en,
				Base,
			);
			mainGroup = EAA74B241DAB45F20064B4B9;
			productRefGroup = EAA74B2E1DAB45F20064B4B9 /* Products */;
			projectDirPath = "";
			projectRoot = "";
			targets = (
				EAA74B2C1DAB45F20064B4B9 /* Movies */,
			);
		};
/* End PBXProject section */

/* Begin PBXResourcesBuildPhase section */
		EAA74B2B1DAB45F20064B4B9 /* Resources */ = {
			isa = PBXResourcesBuildPhase;
			buildActionMask = 2147483647;
			files = (
				EAA74B3B1DAB45F20064B4B9 /* LaunchScreen.storyboard in Resources */,
				EAA74B381DAB45F20064B4B9 /* Assets.xcassets in Resources */,
				EAA74B361DAB45F20064B4B9 /* Main.storyboard in Resources */,
			);
			runOnlyForDeploymentPostprocessing = 0;
		};
/* End PBXResourcesBuildPhase section */

/* Begin PBXShellScriptBuildPhase section */
		EA1420421DAF4E9500FB5428 /* ShellScript */ = {
			isa = PBXShellScriptBuildPhase;
			buildActionMask = 2147483647;
			files = (
			);
			inputPaths = (
				"$(SRCROOT)/Carthage/Build/iOS/Alamofire.framework",
				"$(SRCROOT)/Carthage/Build/iOS/SwiftyJSON.framework",
				"$(SRCROOT)/Carthage/Build/iOS/WebImage.framework",
				"$(SRCROOT)/Carthage/Build/iOS/NVActivityIndicatorView.framework",
			);
			outputPaths = (
			);
			runOnlyForDeploymentPostprocessing = 0;
			shellPath = /bin/sh;
			shellScript = "/usr/local/bin/carthage copy-frameworks";
		};
/* End PBXShellScriptBuildPhase section */

/* Begin PBXSourcesBuildPhase section */
		EAA74B291DAB45F20064B4B9 /* Sources */ = {
			isa = PBXSourcesBuildPhase;
			buildActionMask = 2147483647;
			files = (
				EA66EA5A1DB3AC610067E71A /* DetailViewController.swift in Sources */,
				EAA74B311DAB45F20064B4B9 /* AppDelegate.swift in Sources */,
				EAE4D57E1DAFF7B600A8D7CF /* BaseWebservice.swift in Sources */,
				EA6E21B21DB035F900B6B205 /* DiscoverMoviesWebservice.swift in Sources */,
				EAA74B4C1DAD3F770064B4B9 /* MovieListCell.swift in Sources */,
				EA6E219A1DB003E900B6B205 /* MovieEntity.swift in Sources */,
				EA6E219D1DB0053D00B6B205 /* Constants.swift in Sources */,
				EA6E21A11DB00A8100B6B205 /* MovieListViewController.swift in Sources */,
				EA6E21A31DB00A9300B6B205 /* MovieListInteractor.swift in Sources */,
			);
			runOnlyForDeploymentPostprocessing = 0;
		};
/* End PBXSourcesBuildPhase section */

/* Begin PBXVariantGroup section */
		EAA74B341DAB45F20064B4B9 /* Main.storyboard */ = {
			isa = PBXVariantGroup;
			children = (
				EAA74B351DAB45F20064B4B9 /* Base */,
			);
			name = Main.storyboard;
			sourceTree = "<group>";
		};
		EAA74B391DAB45F20064B4B9 /* LaunchScreen.storyboard */ = {
			isa = PBXVariantGroup;
			children = (
				EAA74B3A1DAB45F20064B4B9 /* Base */,
			);
			name = LaunchScreen.storyboard;
			sourceTree = "<group>";
		};
/* End PBXVariantGroup section */

/* Begin XCBuildConfiguration section */
		EAA74B3D1DAB45F20064B4B9 /* Debug */ = {
			isa = XCBuildConfiguration;
			buildSettings = {
				ALWAYS_SEARCH_USER_PATHS = NO;
				CLANG_ANALYZER_NONNULL = YES;
				CLANG_CXX_LANGUAGE_STANDARD = "gnu++0x";
				CLANG_CXX_LIBRARY = "libc++";
				CLANG_ENABLE_MODULES = YES;
				CLANG_ENABLE_OBJC_ARC = YES;
				CLANG_WARN_BOOL_CONVERSION = YES;
				CLANG_WARN_CONSTANT_CONVERSION = YES;
				CLANG_WARN_DIRECT_OBJC_ISA_USAGE = YES_ERROR;
				CLANG_WARN_DOCUMENTATION_COMMENTS = YES;
				CLANG_WARN_EMPTY_BODY = YES;
				CLANG_WARN_ENUM_CONVERSION = YES;
				CLANG_WARN_INFINITE_RECURSION = YES;
				CLANG_WARN_INT_CONVERSION = YES;
				CLANG_WARN_OBJC_ROOT_CLASS = YES_ERROR;
				CLANG_WARN_SUSPICIOUS_MOVES = YES;
				CLANG_WARN_UNREACHABLE_CODE = YES;
				CLANG_WARN__DUPLICATE_METHOD_MATCH = YES;
				"CODE_SIGN_IDENTITY[sdk=iphoneos*]" = "iPhone Developer";
				COPY_PHASE_STRIP = NO;
				DEBUG_INFORMATION_FORMAT = dwarf;
				ENABLE_STRICT_OBJC_MSGSEND = YES;
				ENABLE_TESTABILITY = YES;
				GCC_C_LANGUAGE_STANDARD = gnu99;
				GCC_DYNAMIC_NO_PIC = NO;
				GCC_NO_COMMON_BLOCKS = YES;
				GCC_OPTIMIZATION_LEVEL = 0;
				GCC_PREPROCESSOR_DEFINITIONS = (
					"DEBUG=1",
					"$(inherited)",
				);
				GCC_WARN_64_TO_32_BIT_CONVERSION = YES;
				GCC_WARN_ABOUT_RETURN_TYPE = YES_ERROR;
				GCC_WARN_UNDECLARED_SELECTOR = YES;
				GCC_WARN_UNINITIALIZED_AUTOS = YES_AGGRESSIVE;
				GCC_WARN_UNUSED_FUNCTION = YES;
				GCC_WARN_UNUSED_VARIABLE = YES;
				IPHONEOS_DEPLOYMENT_TARGET = 10.0;
				MTL_ENABLE_DEBUG_INFO = YES;
				ONLY_ACTIVE_ARCH = YES;
				SDKROOT = iphoneos;
				SWIFT_ACTIVE_COMPILATION_CONDITIONS = DEBUG;
				SWIFT_OPTIMIZATION_LEVEL = "-Onone";
			};
			name = Debug;
		};
		EAA74B3E1DAB45F20064B4B9 /* Release */ = {
			isa = XCBuildConfiguration;
			buildSettings = {
				ALWAYS_SEARCH_USER_PATHS = NO;
				CLANG_ANALYZER_NONNULL = YES;
				CLANG_CXX_LANGUAGE_STANDARD = "gnu++0x";
				CLANG_CXX_LIBRARY = "libc++";
				CLANG_ENABLE_MODULES = YES;
				CLANG_ENABLE_OBJC_ARC = YES;
				CLANG_WARN_BOOL_CONVERSION = YES;
				CLANG_WARN_CONSTANT_CONVERSION = YES;
				CLANG_WARN_DIRECT_OBJC_ISA_USAGE = YES_ERROR;
				CLANG_WARN_DOCUMENTATION_COMMENTS = YES;
				CLANG_WARN_EMPTY_BODY = YES;
				CLANG_WARN_ENUM_CONVERSION = YES;
				CLANG_WARN_INFINITE_RECURSION = YES;
				CLANG_WARN_INT_CONVERSION = YES;
				CLANG_WARN_OBJC_ROOT_CLASS = YES_ERROR;
				CLANG_WARN_SUSPICIOUS_MOVES = YES;
				CLANG_WARN_UNREACHABLE_CODE = YES;
				CLANG_WARN__DUPLICATE_METHOD_MATCH = YES;
				"CODE_SIGN_IDENTITY[sdk=iphoneos*]" = "iPhone Developer";
				COPY_PHASE_STRIP = NO;
				DEBUG_INFORMATION_FORMAT = "dwarf-with-dsym";
				ENABLE_NS_ASSERTIONS = NO;
				ENABLE_STRICT_OBJC_MSGSEND = YES;
				GCC_C_LANGUAGE_STANDARD = gnu99;
				GCC_NO_COMMON_BLOCKS = YES;
				GCC_WARN_64_TO_32_BIT_CONVERSION = YES;
				GCC_WARN_ABOUT_RETURN_TYPE = YES_ERROR;
				GCC_WARN_UNDECLARED_SELECTOR = YES;
				GCC_WARN_UNINITIALIZED_AUTOS = YES_AGGRESSIVE;
				GCC_WARN_UNUSED_FUNCTION = YES;
				GCC_WARN_UNUSED_VARIABLE = YES;
				IPHONEOS_DEPLOYMENT_TARGET = 10.0;
				MTL_ENABLE_DEBUG_INFO = NO;
				SDKROOT = iphoneos;
				SWIFT_OPTIMIZATION_LEVEL = "-Owholemodule";
				VALIDATE_PRODUCT = YES;
			};
			name = Release;
		};
		EAA74B401DAB45F20064B4B9 /* Debug */ = {
			isa = XCBuildConfiguration;
			buildSettings = {
				ASSETCATALOG_COMPILER_APPICON_NAME = AppIcon;
				DEVELOPMENT_TEAM = XB4NTLAF6H;
				FRAMEWORK_SEARCH_PATHS = (
					"$(inherited)",
					"$(PROJECT_DIR)/Carthage/Build/iOS",
				);
				INFOPLIST_FILE = Movies/Info.plist;
				LD_RUNPATH_SEARCH_PATHS = "$(inherited) @executable_path/Frameworks";
				PRODUCT_BUNDLE_IDENTIFIER = in.vinaynair.Movies;
				PRODUCT_NAME = "$(TARGET_NAME)";
				SWIFT_VERSION = 3.0;
			};
			name = Debug;
		};
		EAA74B411DAB45F20064B4B9 /* Release */ = {
			isa = XCBuildConfiguration;
			buildSettings = {
				ASSETCATALOG_COMPILER_APPICON_NAME = AppIcon;
				DEVELOPMENT_TEAM = XB4NTLAF6H;
				FRAMEWORK_SEARCH_PATHS = (
					"$(inherited)",
					"$(PROJECT_DIR)/Carthage/Build/iOS",
				);
				INFOPLIST_FILE = Movies/Info.plist;
				LD_RUNPATH_SEARCH_PATHS = "$(inherited) @executable_path/Frameworks";
				PRODUCT_BUNDLE_IDENTIFIER = in.vinaynair.Movies;
				PRODUCT_NAME = "$(TARGET_NAME)";
				SWIFT_VERSION = 3.0;
			};
			name = Release;
		};
/* End XCBuildConfiguration section */

/* Begin XCConfigurationList section */
		EAA74B281DAB45F20064B4B9 /* Build configuration list for PBXProject "Movies" */ = {
			isa = XCConfigurationList;
			buildConfigurations = (
				EAA74B3D1DAB45F20064B4B9 /* Debug */,
				EAA74B3E1DAB45F20064B4B9 /* Release */,
			);
			defaultConfigurationIsVisible = 0;
			defaultConfigurationName = Release;
		};
		EAA74B3F1DAB45F20064B4B9 /* Build configuration list for PBXNativeTarget "Movies" */ = {
			isa = XCConfigurationList;
			buildConfigurations = (
				EAA74B401DAB45F20064B4B9 /* Debug */,
				EAA74B411DAB45F20064B4B9 /* Release */,
			);
			defaultConfigurationIsVisible = 0;
			defaultConfigurationName = Release;
		};
/* End XCConfigurationList section */
	};
	rootObject = EAA74B251DAB45F20064B4B9 /* Project object */;
}
